
Microsoft Visual Studio Solution File, Format Version 12.00
# Visual Studio Version 16
VisualStudioVersion = 16.0.30804.86
MinimumVisualStudioVersion = 10.0.40219.1
Project("{FAE04EC0-301F-11D3-BF4B-00C04F79EFBC}") = "CalorieCounter", "CalorieCounter\CalorieCounter.csproj", "{5019514F-FBE4-407D-B53B-D367917A37DE}"
EndProject
Global
	GlobalSection(SolutionConfigurationPlatforms) = preSolution
		Debug|Any CPU = Debug|Any CPU
		Release|Any CPU = Release|Any CPU
	EndGlobalSection
	GlobalSection(ProjectConfigurationPlatforms) = postSolution
		{5019514F-FBE4-407D-B53B-D367917A37DE}.Debug|Any CPU.ActiveCfg = Debug|Any CPU
		{5019514F-FBE4-407D-B53B-D367917A37DE}.Debug|Any CPU.Build.0 = Debug|Any CPU
		{5019514F-FBE4-407D-B53B-D367917A37DE}.Release|Any CPU.ActiveCfg = Release|Any CPU
		{5019514F-FBE4-407D-B53B-D367917A37DE}.Release|Any CPU.Build.0 = Release|Any CPU
	EndGlobalSection
	GlobalSection(SolutionProperties) = preSolution
		HideSolutionNode = FALSE
	EndGlobalSection
	GlobalSection(ExtensibilityGlobals) = postSolution
		SolutionGuid = {8D4FB93E-5ABA-49BA-A436-EB5FAD2D0139}
	EndGlobalSection
EndGlobal
